
Microsoft Visual Studio Solution File, Format Version 12.00
# Visual Studio Version 16
VisualStudioVersion = 16.0.31727.386
MinimumVisualStudioVersion = 10.0.40219.1
Project("{8BC9CEB8-8B4A-11D0-8D11-00A0C91BC942}") = "1Task", "6Dim\6Dim.vcxproj", "{6E31C8E2-5ACC-4001-9A04-B07D262F7025}"
EndProject
Project("{8BC9CEB8-8B4A-11D0-8D11-00A0C91BC942}") = "Task2", "Task2\Task2.vcxproj", "{DDD48AA9-AF62-4207-AB2F-B6388ADD4907}"
EndProject
Project("{8BC9CEB8-8B4A-11D0-8D11-00A0C91BC942}") = "Task3", "Task3\Task3.vcxproj", "{949BCDD7-A535-4710-A6A4-7F8282C19F20}"
EndProject
Project("{8BC9CEB8-8B4A-11D0-8D11-00A0C91BC942}") = "Task4-5", "Task4-5\Task4-5.vcxproj", "{723CBA4F-FC36-435A-A517-B11A608A9F8F}"
EndProject
Global
	GlobalSection(SolutionConfigurationPlatforms) = preSolution
		Debug|x64 = Debug|x64
		Debug|x86 = Debug|x86
		Release|x64 = Release|x64
		Release|x86 = Release|x86
	EndGlobalSection
	GlobalSection(ProjectConfigurationPlatforms) = postSolution
		{6E31C8E2-5ACC-4001-9A04-B07D262F7025}.Debug|x64.ActiveCfg = Debug|x64
		{6E31C8E2-5ACC-4001-9A04-B07D262F7025}.Debug|x64.Build.0 = Debug|x64
		{6E31C8E2-5ACC-4001-9A04-B07D262F7025}.Debug|x86.ActiveCfg = Debug|Win32
		{6E31C8E2-5ACC-4001-9A04-B07D262F7025}.Debug|x86.Build.0 = Debug|Win32
		{6E31C8E2-5ACC-4001-9A04-B07D262F7025}.Release|x64.ActiveCfg = Release|x64
		{6E31C8E2-5ACC-4001-9A04-B07D262F7025}.Release|x64.Build.0 = Release|x64
		{6E31C8E2-5ACC-4001-9A04-B07D262F7025}.Release|x86.ActiveCfg = Release|Win32
		{6E31C8E2-5ACC-4001-9A04-B07D262F7025}.Release|x86.Build.0 = Release|Win32
		{DDD48AA9-AF62-4207-AB2F-B6388ADD4907}.Debug|x64.ActiveCfg = Debug|x64
		{DDD48AA9-AF62-4207-AB2F-B6388ADD4907}.Debug|x64.Build.0 = Debug|x64
		{DDD48AA9-AF62-4207-AB2F-B6388ADD4907}.Debug|x86.ActiveCfg = Debug|Win32
		{DDD48AA9-AF62-4207-AB2F-B6388ADD4907}.Debug|x86.Build.0 = Debug|Win32
		{DDD48AA9-AF62-4207-AB2F-B6388ADD4907}.Release|x64.ActiveCfg = Release|x64
		{DDD48AA9-AF62-4207-AB2F-B6388ADD4907}.Release|x64.Build.0 = Release|x64
		{DDD48AA9-AF62-4207-AB2F-B6388ADD4907}.Release|x86.ActiveCfg = Release|Win32
		{DDD48AA9-AF62-4207-AB2F-B6388ADD4907}.Release|x86.Build.0 = Release|Win32
		{949BCDD7-A535-4710-A6A4-7F8282C19F20}.Debug|x64.ActiveCfg = Debug|x64
		{949BCDD7-A535-4710-A6A4-7F8282C19F20}.Debug|x64.Build.0 = Debug|x64
		{949BCDD7-A535-4710-A6A4-7F8282C19F20}.Debug|x86.ActiveCfg = Debug|Win32
		{949BCDD7-A535-4710-A6A4-7F8282C19F20}.Debug|x86.Build.0 = Debug|Win32
		{949BCDD7-A535-4710-A6A4-7F8282C19F20}.Release|x64.ActiveCfg = Release|x64
		{949BCDD7-A535-4710-A6A4-7F8282C19F20}.Release|x64.Build.0 = Release|x64
		{949BCDD7-A535-4710-A6A4-7F8282C19F20}.Release|x86.ActiveCfg = Release|Win32
		{949BCDD7-A535-4710-A6A4-7F8282C19F20}.Release|x86.Build.0 = Release|Win32
		{723CBA4F-FC36-435A-A517-B11A608A9F8F}.Debug|x64.ActiveCfg = Debug|x64
		{723CBA4F-FC36-435A-A517-B11A608A9F8F}.Debug|x64.Build.0 = Debug|x64
		{723CBA4F-FC36-435A-A517-B11A608A9F8F}.Debug|x86.ActiveCfg = Debug|Win32
		{723CBA4F-FC36-435A-A517-B11A608A9F8F}.Debug|x86.Build.0 = Debug|Win32
		{723CBA4F-FC36-435A-A517-B11A608A9F8F}.Release|x64.ActiveCfg = Release|x64
		{723CBA4F-FC36-435A-A517-B11A608A9F8F}.Release|x64.Build.0 = Release|x64
		{723CBA4F-FC36-435A-A517-B11A608A9F8F}.Release|x86.ActiveCfg = Release|Win32
		{723CBA4F-FC36-435A-A517-B11A608A9F8F}.Release|x86.Build.0 = Release|Win32
	EndGlobalSection
	GlobalSection(SolutionProperties) = preSolution
		HideSolutionNode = FALSE
	EndGlobalSection
	GlobalSection(ExtensibilityGlobals) = postSolution
		SolutionGuid = {9B1EF84B-F671-4DD7-A780-1C54270FF4F3}
	EndGlobalSection
EndGlobal
